
Microsoft Visual Studio Solution File, Format Version 12.00
# Visual Studio 15
VisualStudioVersion = 15.0.28307.1082
MinimumVisualStudioVersion = 10.0.40219.1
Project("{262852C6-CD72-467D-83FE-5EEB1973A190}") = "lab5_PMU", "lab5_PMU\lab5_PMU.jsproj", "{4EC73632-4C75-4ABE-B8A7-507E6A091903}"
EndProject
Global
	GlobalSection(SolutionConfigurationPlatforms) = preSolution
		Debug|Android = Debug|Android
		Debug|iOS = Debug|iOS
		Debug|Windows-ARM = Debug|Windows-ARM
		Debug|Windows-x64 = Debug|Windows-x64
		Debug|Windows-x86 = Debug|Windows-x86
		Release|Android = Release|Android
		Release|iOS = Release|iOS
		Release|Windows-ARM = Release|Windows-ARM
		Release|Windows-x64 = Release|Windows-x64
		Release|Windows-x86 = Release|Windows-x86
	EndGlobalSection
	GlobalSection(ProjectConfigurationPlatforms) = postSolution
		{4EC73632-4C75-4ABE-B8A7-507E6A091903}.Debug|Android.ActiveCfg = Debug|Android
		{4EC73632-4C75-4ABE-B8A7-507E6A091903}.Debug|Android.Build.0 = Debug|Android
		{4EC73632-4C75-4ABE-B8A7-507E6A091903}.Debug|Android.Deploy.0 = Debug|Android
		{4EC73632-4C75-4ABE-B8A7-507E6A091903}.Debug|iOS.ActiveCfg = Debug|iOS
		{4EC73632-4C75-4ABE-B8A7-507E6A091903}.Debug|iOS.Build.0 = Debug|iOS
		{4EC73632-4C75-4ABE-B8A7-507E6A091903}.Debug|iOS.Deploy.0 = Debug|iOS
		{4EC73632-4C75-4ABE-B8A7-507E6A091903}.Debug|Windows-ARM.ActiveCfg = Debug|Windows-ARM
		{4EC73632-4C75-4ABE-B8A7-507E6A091903}.Debug|Windows-ARM.Build.0 = Debug|Windows-ARM
		{4EC73632-4C75-4ABE-B8A7-507E6A091903}.Debug|Windows-ARM.Deploy.0 = Debug|Windows-ARM
		{4EC73632-4C75-4ABE-B8A7-507E6A091903}.Debug|Windows-x64.ActiveCfg = Debug|Windows-x64
		{4EC73632-4C75-4ABE-B8A7-507E6A091903}.Debug|Windows-x64.Build.0 = Debug|Windows-x64
		{4EC73632-4C75-4ABE-B8A7-507E6A091903}.Debug|Windows-x64.Deploy.0 = Debug|Windows-x64
		{4EC73632-4C75-4ABE-B8A7-507E6A091903}.Debug|Windows-x86.ActiveCfg = Debug|Windows-x86
		{4EC73632-4C75-4ABE-B8A7-507E6A091903}.Debug|Windows-x86.Build.0 = Debug|Windows-x86
		{4EC73632-4C75-4ABE-B8A7-507E6A091903}.Debug|Windows-x86.Deploy.0 = Debug|Windows-x86
		{4EC73632-4C75-4ABE-B8A7-507E6A091903}.Release|Android.ActiveCfg = Release|Android
		{4EC73632-4C75-4ABE-B8A7-507E6A091903}.Release|Android.Build.0 = Release|Android
		{4EC73632-4C75-4ABE-B8A7-507E6A091903}.Release|Android.Deploy.0 = Release|Android
		{4EC73632-4C75-4ABE-B8A7-507E6A091903}.Release|iOS.ActiveCfg = Release|iOS
		{4EC73632-4C75-4ABE-B8A7-507E6A091903}.Release|iOS.Build.0 = Release|iOS
		{4EC73632-4C75-4ABE-B8A7-507E6A091903}.Release|iOS.Deploy.0 = Release|iOS
		{4EC73632-4C75-4ABE-B8A7-507E6A091903}.Release|Windows-ARM.ActiveCfg = Release|Windows-ARM
		{4EC73632-4C75-4ABE-B8A7-507E6A091903}.Release|Windows-ARM.Build.0 = Release|Windows-ARM
		{4EC73632-4C75-4ABE-B8A7-507E6A091903}.Release|Windows-ARM.Deploy.0 = Release|Windows-ARM
		{4EC73632-4C75-4ABE-B8A7-507E6A091903}.Release|Windows-x64.ActiveCfg = Release|Windows-x64
		{4EC73632-4C75-4ABE-B8A7-507E6A091903}.Release|Windows-x64.Build.0 = Release|Windows-x64
		{4EC73632-4C75-4ABE-B8A7-507E6A091903}.Release|Windows-x64.Deploy.0 = Release|Windows-x64
		{4EC73632-4C75-4ABE-B8A7-507E6A091903}.Release|Windows-x86.ActiveCfg = Release|Windows-x86
		{4EC73632-4C75-4ABE-B8A7-507E6A091903}.Release|Windows-x86.Build.0 = Release|Windows-x86
		{4EC73632-4C75-4ABE-B8A7-507E6A091903}.Release|Windows-x86.Deploy.0 = Release|Windows-x86
	EndGlobalSection
	GlobalSection(SolutionProperties) = preSolution
		HideSolutionNode = FALSE
	EndGlobalSection
	GlobalSection(ExtensibilityGlobals) = postSolution
		SolutionGuid = {D2B3D145-382F-4D3C-9875-F99DE185B998}
	EndGlobalSection
EndGlobal
